
Microsoft Visual Studio Solution File, Format Version 12.00
# Visual Studio Version 17
VisualStudioVersion = 17.4.33213.308
MinimumVisualStudioVersion = 10.0.40219.1
Project("{9A19103F-16F7-4668-BE54-9A1E7A4F7556}") = "BetAPI", "BetAPI.csproj", "{B62108B7-C71E-43D5-A7CB-C0462376CDCF}"
EndProject
Project("{FAE04EC0-301F-11D3-BF4B-00C04F79EFBC}") = "BetAPIEventResultsProducer", "..\BetAPIEventResultsProducer\BetAPIEventResultsProducer.csproj", "{E1C61010-FE3A-458A-B649-8505878FA582}"
EndProject
Global
	GlobalSection(SolutionConfigurationPlatforms) = preSolution
		Debug|Any CPU = Debug|Any CPU
		Release|Any CPU = Release|Any CPU
		TestRelease|Any CPU = TestRelease|Any CPU
	EndGlobalSection
	GlobalSection(ProjectConfigurationPlatforms) = postSolution
		{B62108B7-C71E-43D5-A7CB-C0462376CDCF}.Debug|Any CPU.ActiveCfg = Debug|Any CPU
		{B62108B7-C71E-43D5-A7CB-C0462376CDCF}.Debug|Any CPU.Build.0 = Debug|Any CPU
		{B62108B7-C71E-43D5-A7CB-C0462376CDCF}.Release|Any CPU.ActiveCfg = Release|Any CPU
		{B62108B7-C71E-43D5-A7CB-C0462376CDCF}.Release|Any CPU.Build.0 = Release|Any CPU
		{B62108B7-C71E-43D5-A7CB-C0462376CDCF}.TestRelease|Any CPU.ActiveCfg = TestRelease|Any CPU
		{B62108B7-C71E-43D5-A7CB-C0462376CDCF}.TestRelease|Any CPU.Build.0 = TestRelease|Any CPU
		{E1C61010-FE3A-458A-B649-8505878FA582}.Debug|Any CPU.ActiveCfg = Debug|Any CPU
		{E1C61010-FE3A-458A-B649-8505878FA582}.Debug|Any CPU.Build.0 = Debug|Any CPU
		{E1C61010-FE3A-458A-B649-8505878FA582}.Release|Any CPU.ActiveCfg = Release|Any CPU
		{E1C61010-FE3A-458A-B649-8505878FA582}.Release|Any CPU.Build.0 = Release|Any CPU
		{E1C61010-FE3A-458A-B649-8505878FA582}.TestRelease|Any CPU.ActiveCfg = Release|Any CPU
		{E1C61010-FE3A-458A-B649-8505878FA582}.TestRelease|Any CPU.Build.0 = Release|Any CPU
	EndGlobalSection
	GlobalSection(SolutionProperties) = preSolution
		HideSolutionNode = FALSE
	EndGlobalSection
	GlobalSection(ExtensibilityGlobals) = postSolution
		SolutionGuid = {7653612E-1CBD-46BF-8C16-FBE4B61F762C}
	EndGlobalSection
EndGlobal
